{
  "name": "foodpanda-api-toolkit",
  "version": "1.0.0",
  "description": "A utility for interacting with FoodPanda API",
  "main": "app.js",
  "scripts": {
    "test": "echo \"Error: no test specified\" && exit 1"
  },
  "author": "CrispyFriedChicken0404",
  "license": "MIT",
  "dependencies": {
    "axios": "^0.21.1"
  }
}